
Microsoft Visual Studio Solution File, Format Version 12.00
Project("{FAE04EC0-301F-11D3-BF4B-00C04F79EFBC}") = "TechTest", "TechTest\TechTest.csproj", "{1802B36E-0368-4C80-B0F2-90A7FB63676D}"
EndProject
Project("{FAE04EC0-301F-11D3-BF4B-00C04F79EFBC}") = "TechTest.Tests", "TechTest.Tests\TechTest.Tests.csproj", "{8638A404-5C18-45BE-A6C3-6EE3A5F87847}"
EndProject
Project("{2150E333-8FDC-42A3-9474-1A3956D46DE8}") = "Instructions", "Instructions", "{9FAB0A82-697F-452B-9952-79B08E03B71E}"
ProjectSection(SolutionItems) = preProject
	readme.md = readme.md
EndProjectSection
EndProject
Global
	GlobalSection(SolutionConfigurationPlatforms) = preSolution
		Debug|Any CPU = Debug|Any CPU
		Release|Any CPU = Release|Any CPU
	EndGlobalSection
	GlobalSection(ProjectConfigurationPlatforms) = postSolution
		{1802B36E-0368-4C80-B0F2-90A7FB63676D}.Debug|Any CPU.ActiveCfg = Debug|Any CPU
		{1802B36E-0368-4C80-B0F2-90A7FB63676D}.Debug|Any CPU.Build.0 = Debug|Any CPU
		{1802B36E-0368-4C80-B0F2-90A7FB63676D}.Release|Any CPU.ActiveCfg = Release|Any CPU
		{1802B36E-0368-4C80-B0F2-90A7FB63676D}.Release|Any CPU.Build.0 = Release|Any CPU
		{8638A404-5C18-45BE-A6C3-6EE3A5F87847}.Debug|Any CPU.ActiveCfg = Debug|Any CPU
		{8638A404-5C18-45BE-A6C3-6EE3A5F87847}.Debug|Any CPU.Build.0 = Debug|Any CPU
		{8638A404-5C18-45BE-A6C3-6EE3A5F87847}.Release|Any CPU.ActiveCfg = Release|Any CPU
		{8638A404-5C18-45BE-A6C3-6EE3A5F87847}.Release|Any CPU.Build.0 = Release|Any CPU
	EndGlobalSection
EndGlobal
